
Microsoft Visual Studio Solution File, Format Version 12.00
# Visual Studio Version 17
VisualStudioVersion = 17.4.33122.133
MinimumVisualStudioVersion = 10.0.40219.1
Project("{9A19103F-16F7-4668-BE54-9A1E7A4F7556}") = "Vatsim.Vatis", "Vatsim.Vatis\Vatsim.Vatis.csproj", "{EBE873C5-8294-4879-9090-93A6B6BCDA58}"
EndProject
Project("{2150E333-8FDC-42A3-9474-1A3956D46DE8}") = "GeoVR", "GeoVR", "{7B76E02F-ED1C-4555-9976-D128256FE14E}"
EndProject
Project("{9A19103F-16F7-4668-BE54-9A1E7A4F7556}") = "NaCl.Core", "GeoVR\source\Libraries\NaCl.Core\NaCl.Core.csproj", "{31F9A872-2623-4915-AA12-89A5FAF9EF42}"
EndProject
Project("{9A19103F-16F7-4668-BE54-9A1E7A4F7556}") = "MessagePack.CryptoDto", "GeoVR\source\Libraries\MessagePack.CryptoDto\MessagePack.CryptoDto.csproj", "{C96FB57C-57C7-4BF6-A8F1-3327CD48D2C5}"
EndProject
Project("{9A19103F-16F7-4668-BE54-9A1E7A4F7556}") = "GeoVR.Client", "GeoVR\source\GeoVR.Client\GeoVR.Client.csproj", "{91AFC4FD-D060-4E5D-A6DD-D9479D8C2193}"
EndProject
Project("{9A19103F-16F7-4668-BE54-9A1E7A4F7556}") = "GeoVR.Connection", "GeoVR\source\GeoVR.Connection\GeoVR.Connection.csproj", "{2058B546-6F64-4796-9297-4E6680193279}"
EndProject
Project("{9A19103F-16F7-4668-BE54-9A1E7A4F7556}") = "GeoVR.Shared", "GeoVR\source\GeoVR.Shared\GeoVR.Shared.csproj", "{D19861FE-F284-40EB-9E21-A8D4F88F98E6}"
EndProject
Project("{9A19103F-16F7-4668-BE54-9A1E7A4F7556}") = "MetarParserCore", "MetarParserCore\src\MetarParserCore\MetarParserCore.csproj", "{EA3123AC-05FA-4BD5-984A-89DC77331145}"
EndProject
Project("{9A19103F-16F7-4668-BE54-9A1E7A4F7556}") = "Vatsim.Network", "Vatsim.Network\Vatsim.Network.csproj", "{D6BBC3F7-A486-4FBA-B239-C655E43D62BE}"
EndProject
Global
	GlobalSection(SolutionConfigurationPlatforms) = preSolution
		Debug|Any CPU = Debug|Any CPU
		Debug|x64 = Debug|x64
		Release|Any CPU = Release|Any CPU
		Release|x64 = Release|x64
	EndGlobalSection
	GlobalSection(ProjectConfigurationPlatforms) = postSolution
		{EBE873C5-8294-4879-9090-93A6B6BCDA58}.Debug|Any CPU.ActiveCfg = Debug|Any CPU
		{EBE873C5-8294-4879-9090-93A6B6BCDA58}.Debug|Any CPU.Build.0 = Debug|Any CPU
		{EBE873C5-8294-4879-9090-93A6B6BCDA58}.Debug|x64.ActiveCfg = Debug|x64
		{EBE873C5-8294-4879-9090-93A6B6BCDA58}.Debug|x64.Build.0 = Debug|x64
		{EBE873C5-8294-4879-9090-93A6B6BCDA58}.Release|Any CPU.ActiveCfg = Release|Any CPU
		{EBE873C5-8294-4879-9090-93A6B6BCDA58}.Release|Any CPU.Build.0 = Release|Any CPU
		{EBE873C5-8294-4879-9090-93A6B6BCDA58}.Release|x64.ActiveCfg = Release|x64
		{EBE873C5-8294-4879-9090-93A6B6BCDA58}.Release|x64.Build.0 = Release|x64
		{31F9A872-2623-4915-AA12-89A5FAF9EF42}.Debug|Any CPU.ActiveCfg = Debug|Any CPU
		{31F9A872-2623-4915-AA12-89A5FAF9EF42}.Debug|Any CPU.Build.0 = Debug|Any CPU
		{31F9A872-2623-4915-AA12-89A5FAF9EF42}.Debug|x64.ActiveCfg = Debug|Any CPU
		{31F9A872-2623-4915-AA12-89A5FAF9EF42}.Debug|x64.Build.0 = Debug|Any CPU
		{31F9A872-2623-4915-AA12-89A5FAF9EF42}.Release|Any CPU.ActiveCfg = Release|Any CPU
		{31F9A872-2623-4915-AA12-89A5FAF9EF42}.Release|Any CPU.Build.0 = Release|Any CPU
		{31F9A872-2623-4915-AA12-89A5FAF9EF42}.Release|x64.ActiveCfg = Release|Any CPU
		{31F9A872-2623-4915-AA12-89A5FAF9EF42}.Release|x64.Build.0 = Release|Any CPU
		{C96FB57C-57C7-4BF6-A8F1-3327CD48D2C5}.Debug|Any CPU.ActiveCfg = Debug|Any CPU
		{C96FB57C-57C7-4BF6-A8F1-3327CD48D2C5}.Debug|Any CPU.Build.0 = Debug|Any CPU
		{C96FB57C-57C7-4BF6-A8F1-3327CD48D2C5}.Debug|x64.ActiveCfg = Debug|Any CPU
		{C96FB57C-57C7-4BF6-A8F1-3327CD48D2C5}.Debug|x64.Build.0 = Debug|Any CPU
		{C96FB57C-57C7-4BF6-A8F1-3327CD48D2C5}.Release|Any CPU.ActiveCfg = Release|Any CPU
		{C96FB57C-57C7-4BF6-A8F1-3327CD48D2C5}.Release|Any CPU.Build.0 = Release|Any CPU
		{C96FB57C-57C7-4BF6-A8F1-3327CD48D2C5}.Release|x64.ActiveCfg = Release|Any CPU
		{C96FB57C-57C7-4BF6-A8F1-3327CD48D2C5}.Release|x64.Build.0 = Release|Any CPU
		{91AFC4FD-D060-4E5D-A6DD-D9479D8C2193}.Debug|Any CPU.ActiveCfg = Debug|Any CPU
		{91AFC4FD-D060-4E5D-A6DD-D9479D8C2193}.Debug|Any CPU.Build.0 = Debug|Any CPU
		{91AFC4FD-D060-4E5D-A6DD-D9479D8C2193}.Debug|x64.ActiveCfg = Debug|Any CPU
		{91AFC4FD-D060-4E5D-A6DD-D9479D8C2193}.Debug|x64.Build.0 = Debug|Any CPU
		{91AFC4FD-D060-4E5D-A6DD-D9479D8C2193}.Release|Any CPU.ActiveCfg = Release|Any CPU
		{91AFC4FD-D060-4E5D-A6DD-D9479D8C2193}.Release|Any CPU.Build.0 = Release|Any CPU
		{91AFC4FD-D060-4E5D-A6DD-D9479D8C2193}.Release|x64.ActiveCfg = Release|Any CPU
		{91AFC4FD-D060-4E5D-A6DD-D9479D8C2193}.Release|x64.Build.0 = Release|Any CPU
		{2058B546-6F64-4796-9297-4E6680193279}.Debug|Any CPU.ActiveCfg = Debug|Any CPU
		{2058B546-6F64-4796-9297-4E6680193279}.Debug|Any CPU.Build.0 = Debug|Any CPU
		{2058B546-6F64-4796-9297-4E6680193279}.Debug|x64.ActiveCfg = Debug|Any CPU
		{2058B546-6F64-4796-9297-4E6680193279}.Debug|x64.Build.0 = Debug|Any CPU
		{2058B546-6F64-4796-9297-4E6680193279}.Release|Any CPU.ActiveCfg = Release|Any CPU
		{2058B546-6F64-4796-9297-4E6680193279}.Release|Any CPU.Build.0 = Release|Any CPU
		{2058B546-6F64-4796-9297-4E6680193279}.Release|x64.ActiveCfg = Release|Any CPU
		{2058B546-6F64-4796-9297-4E6680193279}.Release|x64.Build.0 = Release|Any CPU
		{D19861FE-F284-40EB-9E21-A8D4F88F98E6}.Debug|Any CPU.ActiveCfg = Debug|Any CPU
		{D19861FE-F284-40EB-9E21-A8D4F88F98E6}.Debug|Any CPU.Build.0 = Debug|Any CPU
		{D19861FE-F284-40EB-9E21-A8D4F88F98E6}.Debug|x64.ActiveCfg = Debug|Any CPU
		{D19861FE-F284-40EB-9E21-A8D4F88F98E6}.Debug|x64.Build.0 = Debug|Any CPU
		{D19861FE-F284-40EB-9E21-A8D4F88F98E6}.Release|Any CPU.ActiveCfg = Release|Any CPU
		{D19861FE-F284-40EB-9E21-A8D4F88F98E6}.Release|Any CPU.Build.0 = Release|Any CPU
		{D19861FE-F284-40EB-9E21-A8D4F88F98E6}.Release|x64.ActiveCfg = Release|Any CPU
		{D19861FE-F284-40EB-9E21-A8D4F88F98E6}.Release|x64.Build.0 = Release|Any CPU
		{EA3123AC-05FA-4BD5-984A-89DC77331145}.Debug|Any CPU.ActiveCfg = Debug|Any CPU
		{EA3123AC-05FA-4BD5-984A-89DC77331145}.Debug|Any CPU.Build.0 = Debug|Any CPU
		{EA3123AC-05FA-4BD5-984A-89DC77331145}.Debug|x64.ActiveCfg = Debug|Any CPU
		{EA3123AC-05FA-4BD5-984A-89DC77331145}.Debug|x64.Build.0 = Debug|Any CPU
		{EA3123AC-05FA-4BD5-984A-89DC77331145}.Release|Any CPU.ActiveCfg = Release|Any CPU
		{EA3123AC-05FA-4BD5-984A-89DC77331145}.Release|Any CPU.Build.0 = Release|Any CPU
		{EA3123AC-05FA-4BD5-984A-89DC77331145}.Release|x64.ActiveCfg = Release|Any CPU
		{EA3123AC-05FA-4BD5-984A-89DC77331145}.Release|x64.Build.0 = Release|Any CPU
		{D6BBC3F7-A486-4FBA-B239-C655E43D62BE}.Debug|Any CPU.ActiveCfg = Debug|Any CPU
		{D6BBC3F7-A486-4FBA-B239-C655E43D62BE}.Debug|Any CPU.Build.0 = Debug|Any CPU
		{D6BBC3F7-A486-4FBA-B239-C655E43D62BE}.Debug|x64.ActiveCfg = Debug|x64
		{D6BBC3F7-A486-4FBA-B239-C655E43D62BE}.Debug|x64.Build.0 = Debug|x64
		{D6BBC3F7-A486-4FBA-B239-C655E43D62BE}.Release|Any CPU.ActiveCfg = Release|Any CPU
		{D6BBC3F7-A486-4FBA-B239-C655E43D62BE}.Release|Any CPU.Build.0 = Release|Any CPU
		{D6BBC3F7-A486-4FBA-B239-C655E43D62BE}.Release|x64.ActiveCfg = Release|x64
		{D6BBC3F7-A486-4FBA-B239-C655E43D62BE}.Release|x64.Build.0 = Release|x64
	EndGlobalSection
	GlobalSection(SolutionProperties) = preSolution
		HideSolutionNode = FALSE
	EndGlobalSection
	GlobalSection(NestedProjects) = preSolution
		{31F9A872-2623-4915-AA12-89A5FAF9EF42} = {7B76E02F-ED1C-4555-9976-D128256FE14E}
		{C96FB57C-57C7-4BF6-A8F1-3327CD48D2C5} = {7B76E02F-ED1C-4555-9976-D128256FE14E}
		{91AFC4FD-D060-4E5D-A6DD-D9479D8C2193} = {7B76E02F-ED1C-4555-9976-D128256FE14E}
		{2058B546-6F64-4796-9297-4E6680193279} = {7B76E02F-ED1C-4555-9976-D128256FE14E}
		{D19861FE-F284-40EB-9E21-A8D4F88F98E6} = {7B76E02F-ED1C-4555-9976-D128256FE14E}
	EndGlobalSection
	GlobalSection(ExtensibilityGlobals) = postSolution
		SolutionGuid = {D714534F-B1AF-4ED0-8A56-0175AC69A848}
	EndGlobalSection
EndGlobal
